
Microsoft Visual Studio Solution File, Format Version 12.00
# Visual Studio Version 16
VisualStudioVersion = 16.0.29215.179
MinimumVisualStudioVersion = 10.0.40219.1
Project("{FAE04EC0-301F-11D3-BF4B-00C04F79EFBC}") = "qbo4.Bridge", "src\qbo4.Bridge\qbo4.Bridge.csproj", "{6D9C1A4B-5F13-49A7-8B70-54C692C31BDD}"
EndProject
Project("{2150E333-8FDC-42A3-9474-1A3956D46DE8}") = "src", "src", "{EA48E50C-771F-4974-A27F-D3A37DB469A8}"
EndProject
Project("{2150E333-8FDC-42A3-9474-1A3956D46DE8}") = "tests", "tests", "{1B5FCAB6-D621-4166-A7DB-0D37BB665EA4}"
EndProject
Project("{FAE04EC0-301F-11D3-BF4B-00C04F79EFBC}") = "qbo4.Bridge.Tests", "tests\qbo4.Bridge.Tests\qbo4.Bridge.Tests.csproj", "{185A2BBD-F16B-458D-92A5-659CAB0FBF87}"
EndProject
Project("{FAE04EC0-301F-11D3-BF4B-00C04F79EFBC}") = "qbo4.Visualization", "src\qbo4.Visualization\qbo4.Visualization.csproj", "{32980F41-6DBD-4F12-A4BE-4D1E865CD26B}"
EndProject
Project("{FAE04EC0-301F-11D3-BF4B-00C04F79EFBC}") = "qbo4.Listener", "src\qbo4.Listener\qbo4.Listener.csproj", "{F7AB7D32-1279-4023-9707-11AE35914FC9}"
EndProject
Project("{FAE04EC0-301F-11D3-BF4B-00C04F79EFBC}") = "qbo4.Listener.Tests", "tests\qbo4.Listener.Tests\qbo4.Listener.Tests.csproj", "{C53DB5EA-34C1-4D90-8776-9A29C200EBDC}"
EndProject
Global
	GlobalSection(SolutionConfigurationPlatforms) = preSolution
		Debug|Any CPU = Debug|Any CPU
		Release|Any CPU = Release|Any CPU
	EndGlobalSection
	GlobalSection(ProjectConfigurationPlatforms) = postSolution
		{6D9C1A4B-5F13-49A7-8B70-54C692C31BDD}.Debug|Any CPU.ActiveCfg = Debug|Any CPU
		{6D9C1A4B-5F13-49A7-8B70-54C692C31BDD}.Debug|Any CPU.Build.0 = Debug|Any CPU
		{6D9C1A4B-5F13-49A7-8B70-54C692C31BDD}.Release|Any CPU.ActiveCfg = Release|Any CPU
		{6D9C1A4B-5F13-49A7-8B70-54C692C31BDD}.Release|Any CPU.Build.0 = Release|Any CPU
		{185A2BBD-F16B-458D-92A5-659CAB0FBF87}.Debug|Any CPU.ActiveCfg = Debug|Any CPU
		{185A2BBD-F16B-458D-92A5-659CAB0FBF87}.Debug|Any CPU.Build.0 = Debug|Any CPU
		{185A2BBD-F16B-458D-92A5-659CAB0FBF87}.Release|Any CPU.ActiveCfg = Release|Any CPU
		{185A2BBD-F16B-458D-92A5-659CAB0FBF87}.Release|Any CPU.Build.0 = Release|Any CPU
		{32980F41-6DBD-4F12-A4BE-4D1E865CD26B}.Debug|Any CPU.ActiveCfg = Debug|Any CPU
		{32980F41-6DBD-4F12-A4BE-4D1E865CD26B}.Debug|Any CPU.Build.0 = Debug|Any CPU
		{32980F41-6DBD-4F12-A4BE-4D1E865CD26B}.Release|Any CPU.ActiveCfg = Release|Any CPU
		{32980F41-6DBD-4F12-A4BE-4D1E865CD26B}.Release|Any CPU.Build.0 = Release|Any CPU
		{F7AB7D32-1279-4023-9707-11AE35914FC9}.Debug|Any CPU.ActiveCfg = Debug|Any CPU
		{F7AB7D32-1279-4023-9707-11AE35914FC9}.Debug|Any CPU.Build.0 = Debug|Any CPU
		{F7AB7D32-1279-4023-9707-11AE35914FC9}.Release|Any CPU.ActiveCfg = Release|Any CPU
		{F7AB7D32-1279-4023-9707-11AE35914FC9}.Release|Any CPU.Build.0 = Release|Any CPU
		{C53DB5EA-34C1-4D90-8776-9A29C200EBDC}.Debug|Any CPU.ActiveCfg = Debug|Any CPU
		{C53DB5EA-34C1-4D90-8776-9A29C200EBDC}.Debug|Any CPU.Build.0 = Debug|Any CPU
		{C53DB5EA-34C1-4D90-8776-9A29C200EBDC}.Release|Any CPU.ActiveCfg = Release|Any CPU
		{C53DB5EA-34C1-4D90-8776-9A29C200EBDC}.Release|Any CPU.Build.0 = Release|Any CPU
	EndGlobalSection
	GlobalSection(SolutionProperties) = preSolution
		HideSolutionNode = FALSE
	EndGlobalSection
	GlobalSection(NestedProjects) = preSolution
		{6D9C1A4B-5F13-49A7-8B70-54C692C31BDD} = {EA48E50C-771F-4974-A27F-D3A37DB469A8}
		{185A2BBD-F16B-458D-92A5-659CAB0FBF87} = {1B5FCAB6-D621-4166-A7DB-0D37BB665EA4}
		{32980F41-6DBD-4F12-A4BE-4D1E865CD26B} = {EA48E50C-771F-4974-A27F-D3A37DB469A8}
		{F7AB7D32-1279-4023-9707-11AE35914FC9} = {EA48E50C-771F-4974-A27F-D3A37DB469A8}
		{C53DB5EA-34C1-4D90-8776-9A29C200EBDC} = {1B5FCAB6-D621-4166-A7DB-0D37BB665EA4}
	EndGlobalSection
	GlobalSection(ExtensibilityGlobals) = postSolution
		SolutionGuid = {09207C3F-D9BB-45B5-BAA7-A0834A2EA1EA}
	EndGlobalSection
EndGlobal
